
Microsoft Visual Studio Solution File, Format Version 12.00
# Visual Studio Version 17
VisualStudioVersion = 17.1.31911.260
MinimumVisualStudioVersion = 10.0.40219.1
Project("{9A19103F-16F7-4668-BE54-9A1E7A4F7556}") = "ReciPro", "ReciPro\ReciPro.csproj", "{D01883A1-458D-4127-8E9B-EEC176201483}"
EndProject
Project("{9A19103F-16F7-4668-BE54-9A1E7A4F7556}") = "Crystallography", "Crystallography\Crystallography.csproj", "{3AABEFB0-E84E-4AF6-8496-4D1F33C8F517}"
EndProject
Project("{9A19103F-16F7-4668-BE54-9A1E7A4F7556}") = "Crystallography.Controls", "Crystallography.Controls\Crystallography.Controls.csproj", "{FD96FE43-6DEE-4520-BB26-CFF7976DE27D}"
	ProjectSection(ProjectDependencies) = postProject
		{3AABEFB0-E84E-4AF6-8496-4D1F33C8F517} = {3AABEFB0-E84E-4AF6-8496-4D1F33C8F517}
	EndProjectSection
EndProject
Project("{9A19103F-16F7-4668-BE54-9A1E7A4F7556}") = "Crystallography.OpenGL", "Crystallography.OpenGL\Crystallography.OpenGL.csproj", "{BE7CC301-70E0-4BAA-9349-FDA49B38CC93}"
EndProject
Project("{8BC9CEB8-8B4A-11D0-8D11-00A0C91BC942}") = "Crystallography.Native", "Crystallography.Native\Crystallography.Native.vcxproj", "{0A6070E5-8843-4C4B-A4ED-4ABC55BFDBDD}"
EndProject
Project("{54435603-DBB4-11D2-8724-00A0C9A8B90C}") = "ReciProSetup", "ReciProSetup\ReciProSetup.vdproj", "{8083E96B-786B-4351-87EF-8546C9C8B297}"
	ProjectSection(ProjectDependencies) = postProject
		{3AABEFB0-E84E-4AF6-8496-4D1F33C8F517} = {3AABEFB0-E84E-4AF6-8496-4D1F33C8F517}
		{BE7CC301-70E0-4BAA-9349-FDA49B38CC93} = {BE7CC301-70E0-4BAA-9349-FDA49B38CC93}
	EndProjectSection
EndProject
Global
	GlobalSection(SolutionConfigurationPlatforms) = preSolution
		Debug|Any CPU = Debug|Any CPU
		Debug|x64 = Debug|x64
		Debug|x86 = Debug|x86
		Release|Any CPU = Release|Any CPU
		Release|x64 = Release|x64
		Release|x86 = Release|x86
	EndGlobalSection
	GlobalSection(ProjectConfigurationPlatforms) = postSolution
		{D01883A1-458D-4127-8E9B-EEC176201483}.Debug|Any CPU.ActiveCfg = Debug|Any CPU
		{D01883A1-458D-4127-8E9B-EEC176201483}.Debug|Any CPU.Build.0 = Debug|Any CPU
		{D01883A1-458D-4127-8E9B-EEC176201483}.Debug|x64.ActiveCfg = Debug|Any CPU
		{D01883A1-458D-4127-8E9B-EEC176201483}.Debug|x64.Build.0 = Debug|Any CPU
		{D01883A1-458D-4127-8E9B-EEC176201483}.Debug|x86.ActiveCfg = Debug|Any CPU
		{D01883A1-458D-4127-8E9B-EEC176201483}.Debug|x86.Build.0 = Debug|Any CPU
		{D01883A1-458D-4127-8E9B-EEC176201483}.Release|Any CPU.ActiveCfg = Release|Any CPU
		{D01883A1-458D-4127-8E9B-EEC176201483}.Release|Any CPU.Build.0 = Release|Any CPU
		{D01883A1-458D-4127-8E9B-EEC176201483}.Release|x64.ActiveCfg = Release|Any CPU
		{D01883A1-458D-4127-8E9B-EEC176201483}.Release|x64.Build.0 = Release|Any CPU
		{D01883A1-458D-4127-8E9B-EEC176201483}.Release|x86.ActiveCfg = Release|Any CPU
		{D01883A1-458D-4127-8E9B-EEC176201483}.Release|x86.Build.0 = Release|Any CPU
		{3AABEFB0-E84E-4AF6-8496-4D1F33C8F517}.Debug|Any CPU.ActiveCfg = Debug|Any CPU
		{3AABEFB0-E84E-4AF6-8496-4D1F33C8F517}.Debug|Any CPU.Build.0 = Debug|Any CPU
		{3AABEFB0-E84E-4AF6-8496-4D1F33C8F517}.Debug|x64.ActiveCfg = Debug|Any CPU
		{3AABEFB0-E84E-4AF6-8496-4D1F33C8F517}.Debug|x64.Build.0 = Debug|Any CPU
		{3AABEFB0-E84E-4AF6-8496-4D1F33C8F517}.Debug|x86.ActiveCfg = Debug|Any CPU
		{3AABEFB0-E84E-4AF6-8496-4D1F33C8F517}.Debug|x86.Build.0 = Debug|Any CPU
		{3AABEFB0-E84E-4AF6-8496-4D1F33C8F517}.Release|Any CPU.ActiveCfg = Release|Any CPU
		{3AABEFB0-E84E-4AF6-8496-4D1F33C8F517}.Release|Any CPU.Build.0 = Release|Any CPU
		{3AABEFB0-E84E-4AF6-8496-4D1F33C8F517}.Release|x64.ActiveCfg = Release|Any CPU
		{3AABEFB0-E84E-4AF6-8496-4D1F33C8F517}.Release|x64.Build.0 = Release|Any CPU
		{3AABEFB0-E84E-4AF6-8496-4D1F33C8F517}.Release|x86.ActiveCfg = Release|Any CPU
		{3AABEFB0-E84E-4AF6-8496-4D1F33C8F517}.Release|x86.Build.0 = Release|Any CPU
		{FD96FE43-6DEE-4520-BB26-CFF7976DE27D}.Debug|Any CPU.ActiveCfg = Debug|Any CPU
		{FD96FE43-6DEE-4520-BB26-CFF7976DE27D}.Debug|Any CPU.Build.0 = Debug|Any CPU
		{FD96FE43-6DEE-4520-BB26-CFF7976DE27D}.Debug|x64.ActiveCfg = Debug|Any CPU
		{FD96FE43-6DEE-4520-BB26-CFF7976DE27D}.Debug|x64.Build.0 = Debug|Any CPU
		{FD96FE43-6DEE-4520-BB26-CFF7976DE27D}.Debug|x86.ActiveCfg = Debug|Any CPU
		{FD96FE43-6DEE-4520-BB26-CFF7976DE27D}.Debug|x86.Build.0 = Debug|Any CPU
		{FD96FE43-6DEE-4520-BB26-CFF7976DE27D}.Release|Any CPU.ActiveCfg = Release|Any CPU
		{FD96FE43-6DEE-4520-BB26-CFF7976DE27D}.Release|Any CPU.Build.0 = Release|Any CPU
		{FD96FE43-6DEE-4520-BB26-CFF7976DE27D}.Release|x64.ActiveCfg = Release|Any CPU
		{FD96FE43-6DEE-4520-BB26-CFF7976DE27D}.Release|x64.Build.0 = Release|Any CPU
		{FD96FE43-6DEE-4520-BB26-CFF7976DE27D}.Release|x86.ActiveCfg = Release|Any CPU
		{FD96FE43-6DEE-4520-BB26-CFF7976DE27D}.Release|x86.Build.0 = Release|Any CPU
		{BE7CC301-70E0-4BAA-9349-FDA49B38CC93}.Debug|Any CPU.ActiveCfg = Debug|Any CPU
		{BE7CC301-70E0-4BAA-9349-FDA49B38CC93}.Debug|Any CPU.Build.0 = Debug|Any CPU
		{BE7CC301-70E0-4BAA-9349-FDA49B38CC93}.Debug|x64.ActiveCfg = Debug|Any CPU
		{BE7CC301-70E0-4BAA-9349-FDA49B38CC93}.Debug|x64.Build.0 = Debug|Any CPU
		{BE7CC301-70E0-4BAA-9349-FDA49B38CC93}.Debug|x86.ActiveCfg = Debug|Any CPU
		{BE7CC301-70E0-4BAA-9349-FDA49B38CC93}.Debug|x86.Build.0 = Debug|Any CPU
		{BE7CC301-70E0-4BAA-9349-FDA49B38CC93}.Release|Any CPU.ActiveCfg = Release|Any CPU
		{BE7CC301-70E0-4BAA-9349-FDA49B38CC93}.Release|Any CPU.Build.0 = Release|Any CPU
		{BE7CC301-70E0-4BAA-9349-FDA49B38CC93}.Release|x64.ActiveCfg = Release|Any CPU
		{BE7CC301-70E0-4BAA-9349-FDA49B38CC93}.Release|x64.Build.0 = Release|Any CPU
		{BE7CC301-70E0-4BAA-9349-FDA49B38CC93}.Release|x86.ActiveCfg = Release|Any CPU
		{BE7CC301-70E0-4BAA-9349-FDA49B38CC93}.Release|x86.Build.0 = Release|Any CPU
		{0A6070E5-8843-4C4B-A4ED-4ABC55BFDBDD}.Debug|Any CPU.ActiveCfg = Debug|x64
		{0A6070E5-8843-4C4B-A4ED-4ABC55BFDBDD}.Debug|x64.ActiveCfg = Debug|x64
		{0A6070E5-8843-4C4B-A4ED-4ABC55BFDBDD}.Debug|x86.ActiveCfg = Debug|Win32
		{0A6070E5-8843-4C4B-A4ED-4ABC55BFDBDD}.Debug|x86.Build.0 = Debug|Win32
		{0A6070E5-8843-4C4B-A4ED-4ABC55BFDBDD}.Release|Any CPU.ActiveCfg = Release|x64
		{0A6070E5-8843-4C4B-A4ED-4ABC55BFDBDD}.Release|x64.ActiveCfg = Release|x64
		{0A6070E5-8843-4C4B-A4ED-4ABC55BFDBDD}.Release|x86.ActiveCfg = Release|Win32
		{0A6070E5-8843-4C4B-A4ED-4ABC55BFDBDD}.Release|x86.Build.0 = Release|Win32
		{8083E96B-786B-4351-87EF-8546C9C8B297}.Debug|Any CPU.ActiveCfg = Debug
		{8083E96B-786B-4351-87EF-8546C9C8B297}.Debug|x64.ActiveCfg = Debug
		{8083E96B-786B-4351-87EF-8546C9C8B297}.Debug|x86.ActiveCfg = Debug
		{8083E96B-786B-4351-87EF-8546C9C8B297}.Release|Any CPU.ActiveCfg = Release
		{8083E96B-786B-4351-87EF-8546C9C8B297}.Release|x64.ActiveCfg = Release
		{8083E96B-786B-4351-87EF-8546C9C8B297}.Release|x86.ActiveCfg = Release
	EndGlobalSection
	GlobalSection(SolutionProperties) = preSolution
		HideSolutionNode = FALSE
	EndGlobalSection
	GlobalSection(ExtensibilityGlobals) = postSolution
		SolutionGuid = {AB8F9522-CEE5-44FF-900C-D22BCAAF6FB4}
	EndGlobalSection
EndGlobal
